# THIS IS AN AUTOGENERATED FILE. DO NOT EDIT THIS FILE DIRECTLY.
# yarn lockfile v1


FileSaver@^0.10.0:
  version "0.10.0"
  resolved "http://registry.npm.taobao.org/FileSaver/download/FileSaver-0.10.0.tgz#7def3889944458042ef5df2e9064c88e3d2281c7"
  integrity sha1-fe84iZREWAQu9d8ukGTIjj0igcc=

almond@0.3.2:
  version "0.3.2"
  resolved "http://registry.npm.taobao.org/almond/download/almond-0.3.2.tgz#e481c9f3446265e4056610dd6695fc26445f6be7"
  integrity sha1-5IHJ80RiZeQFZhDdZpX8JkRfa+c=

b64@4.x.x:
  version "4.1.2"
  resolved "http://registry.npm.taobao.org/b64/download/b64-4.1.2.tgz#7015372ba8101f7fb18da070717a93c28c8580d8"
  integrity sha1-cBU3K6gQH3+xjaBwcXqTwoyFgNg=
  dependencies:
    hoek "6.x.x"

boom@7.x.x:
  version "7.2.2"
  resolved "http://registry.npm.taobao.org/boom/download/boom-7.2.2.tgz#ac92101451aa5cea901aed07d881dd32b4f08345"
  integrity sha1-rJIQFFGqXOqQGu0H2IHdMrTwg0U=
  dependencies:
    hoek "6.x.x"

cryptiles@4.x.x:
  version "4.1.3"
  resolved "http://registry.npm.taobao.org/cryptiles/download/cryptiles-4.1.3.tgz#2461d3390ea0b82c643a6ba79f0ed491b0934c25"
  integrity sha1-JGHTOQ6guCxkOmunnw7UkbCTTCU=
  dependencies:
    boom "7.x.x"

dcl@1.1.3:
  version "1.1.3"
  resolved "http://registry.npm.taobao.org/dcl/download/dcl-1.1.3.tgz#b0dcafb9beadc197bace7c0d0dafdb4f0ebdbedd"
  integrity sha1-sNyvub6twZe6znwNDa/bTw69vt0=

dojo@1.11.2:
  version "1.11.2"
  resolved "http://registry.npm.taobao.org/dojo/download/dojo-1.11.2.tgz#3e713cab40093aba9120304f0ca5053ac4d4193d"
  integrity sha1-PnE8q0AJOrqRIDBPDKUFOsTUGT0=

font-awesome@^4.7.0:
  version "4.7.0"
  resolved "http://registry.npm.taobao.org/font-awesome/download/font-awesome-4.7.0.tgz#8fa8cf0411a1a31afd07b06d2902bb9fc815a133"
  integrity sha1-j6jPBBGhoxr9B7BtKQK7n8gVoTM=

fontawesome@^4.7.2:
  version "4.7.2"
  resolved "http://registry.npm.taobao.org/fontawesome/download/fontawesome-4.7.2.tgz#7f0c72ac7a6b029d3375bacb23522d9acfc50a52"
  integrity sha1-fwxyrHprAp0zdbrLI1Itms/FClI=

hoek@6.x.x:
  version "6.0.3"
  resolved "http://registry.npm.taobao.org/hoek/download/hoek-6.0.3.tgz#7884360426d927865a0a1251fc9c59313af5b798"
  integrity sha1-eIQ2BCbZJ4ZaChJR/JxZMTr1t5g=

iron@^5.0.6:
  version "5.0.6"
  resolved "http://registry.npm.taobao.org/iron/download/iron-5.0.6.tgz#7121d4a6e3ac2f65e4d02971646fea1995434744"
  integrity sha1-cSHUpuOsL2Xk0ClxZG/qGZVDR0Q=
  dependencies:
    b64 "4.x.x"
    boom "7.x.x"
    cryptiles "4.x.x"
    hoek "6.x.x"

jquery-contextmenu@^2.6.4:
  version "2.7.1"
  resolved "http://registry.npm.taobao.org/jquery-contextmenu/download/jquery-contextmenu-2.7.1.tgz#12e7f9e51e70d2a43d0d90da835abbca0c0ffc15"
  integrity sha1-Euf55R5w0qQ9DZDag1q7ygwP/BU=

jquery@^3.3.1:
  version "3.3.1"
  resolved "http://registry.npm.taobao.org/jquery/download/jquery-3.3.1.tgz#958ce29e81c9790f31be7792df5d4d95fc57fbca"
  integrity sha1-lYzinoHJeQ8xvneS311NlfxX+8o=

lodash-amd@4.15.0:
  version "4.15.0"
  resolved "http://registry.npm.taobao.org/lodash-amd/download/lodash-amd-4.15.0.tgz#854413ee14398cc35f4352b116210e16dd2c464d"
  integrity sha1-hUQT7hQ5jMNfQ1KxFiEOFt0sRk0=

lodash-compat@3.10.2:
  version "3.10.2"
  resolved "http://registry.npm.taobao.org/lodash-compat/download/lodash-compat-3.10.2.tgz#c6940128a9d30f8e902cd2cf99fd0cba4ecfc183"
  integrity sha1-xpQBKKnTD46QLNLPmf0Muk7PwYM=

requirejs-domready@2.0.3:
  version "2.0.3"
  resolved "http://registry.npm.taobao.org/requirejs-domready/download/requirejs-domready-2.0.3.tgz#049db19658cfac07485952d3521305ab836dac52"
  integrity sha1-BJ2xlljPrAdIWVLTUhMFq4NtrFI=

requirejs@2.2.0:
  version "2.2.0"
  resolved "http://registry.npm.taobao.org/requirejs/download/requirejs-2.2.0.tgz#0f2b1538af2b8d0a4fffffde5d367aa9cd4cfe84"
  integrity sha1-DysVOK8rjQpP///eXTZ6qc1M/oQ=

yarn@^1.12.3:
  version "1.12.3"
  resolved "http://registry.npm.taobao.org/yarn/download/yarn-1.12.3.tgz#fb4599bf1f8da01552bcc7e1571dfd4e53788203"
  integrity sha1-+0WZvx+NoBVSvMfhVx39TlN4ggM=
